
Microsoft Visual Studio Solution File, Format Version 12.00
# Visual Studio 15
VisualStudioVersion = 15.0.28010.2050
MinimumVisualStudioVersion = 10.0.40219.1
Project("{FAE04EC0-301F-11D3-BF4B-00C04F79EFBC}") = "DrillClass2", "DrillClass2\DrillClass2.csproj", "{A61F7B84-1E8E-46C6-BC58-9F1C956A5E78}"
EndProject
Global
	GlobalSection(SolutionConfigurationPlatforms) = preSolution
		Debug|Any CPU = Debug|Any CPU
		Release|Any CPU = Release|Any CPU
	EndGlobalSection
	GlobalSection(ProjectConfigurationPlatforms) = postSolution
		{A61F7B84-1E8E-46C6-BC58-9F1C956A5E78}.Debug|Any CPU.ActiveCfg = Debug|Any CPU
		{A61F7B84-1E8E-46C6-BC58-9F1C956A5E78}.Debug|Any CPU.Build.0 = Debug|Any CPU
		{A61F7B84-1E8E-46C6-BC58-9F1C956A5E78}.Release|Any CPU.ActiveCfg = Release|Any CPU
		{A61F7B84-1E8E-46C6-BC58-9F1C956A5E78}.Release|Any CPU.Build.0 = Release|Any CPU
	EndGlobalSection
	GlobalSection(SolutionProperties) = preSolution
		HideSolutionNode = FALSE
	EndGlobalSection
	GlobalSection(ExtensibilityGlobals) = postSolution
		SolutionGuid = {5BA6A049-6B8A-4387-BD47-57DAB28F7373}
	EndGlobalSection
EndGlobal
